
Microsoft Visual Studio Solution File, Format Version 12.00
# Visual Studio Version 16
VisualStudioVersion = 16.0.31205.134
MinimumVisualStudioVersion = 10.0.40219.1
Project("{9A19103F-16F7-4668-BE54-9A1E7A4F7556}") = "api-aggregator-test", "api-aggregator-test\api-aggregator-test.csproj", "{AF29A5B3-DF9B-402D-8931-B535648728E9}"
EndProject
Project("{9A19103F-16F7-4668-BE54-9A1E7A4F7556}") = "api-aggregator", "api-aggregator\api-aggregator.csproj", "{61098286-8D77-4D1E-9A4C-1505C6DCBC2B}"
EndProject
Project("{9A19103F-16F7-4668-BE54-9A1E7A4F7556}") = "api-aggregator-sample", "api-aggregator-sample\api-aggregator-sample.csproj", "{34E83703-9B19-411C-A34A-4319515F39A8}"
EndProject
Global
	GlobalSection(SolutionConfigurationPlatforms) = preSolution
		Debug|Any CPU = Debug|Any CPU
		Release|Any CPU = Release|Any CPU
	EndGlobalSection
	GlobalSection(ProjectConfigurationPlatforms) = postSolution
		{AF29A5B3-DF9B-402D-8931-B535648728E9}.Debug|Any CPU.ActiveCfg = Debug|Any CPU
		{AF29A5B3-DF9B-402D-8931-B535648728E9}.Debug|Any CPU.Build.0 = Debug|Any CPU
		{AF29A5B3-DF9B-402D-8931-B535648728E9}.Release|Any CPU.ActiveCfg = Release|Any CPU
		{AF29A5B3-DF9B-402D-8931-B535648728E9}.Release|Any CPU.Build.0 = Release|Any CPU
		{61098286-8D77-4D1E-9A4C-1505C6DCBC2B}.Debug|Any CPU.ActiveCfg = Debug|Any CPU
		{61098286-8D77-4D1E-9A4C-1505C6DCBC2B}.Debug|Any CPU.Build.0 = Debug|Any CPU
		{61098286-8D77-4D1E-9A4C-1505C6DCBC2B}.Release|Any CPU.ActiveCfg = Release|Any CPU
		{61098286-8D77-4D1E-9A4C-1505C6DCBC2B}.Release|Any CPU.Build.0 = Release|Any CPU
		{34E83703-9B19-411C-A34A-4319515F39A8}.Debug|Any CPU.ActiveCfg = Debug|Any CPU
		{34E83703-9B19-411C-A34A-4319515F39A8}.Debug|Any CPU.Build.0 = Debug|Any CPU
		{34E83703-9B19-411C-A34A-4319515F39A8}.Release|Any CPU.ActiveCfg = Release|Any CPU
		{34E83703-9B19-411C-A34A-4319515F39A8}.Release|Any CPU.Build.0 = Release|Any CPU
	EndGlobalSection
	GlobalSection(SolutionProperties) = preSolution
		HideSolutionNode = FALSE
	EndGlobalSection
	GlobalSection(ExtensibilityGlobals) = postSolution
		SolutionGuid = {49A5842B-83EA-44B2-A5B1-DF0E75741EB1}
	EndGlobalSection
EndGlobal
